
Microsoft Visual Studio Solution File, Format Version 12.00
# Visual Studio 2013
VisualStudioVersion = 12.0.40629.0
MinimumVisualStudioVersion = 10.0.40219.1
Project("{FAE04EC0-301F-11D3-BF4B-00C04F79EFBC}") = "ST.Framework.DDD", "ST.Framework.DDD\ST.Framework.DDD.csproj", "{FD4959DA-1FA9-4529-A498-F49FDDD880AA}"
EndProject
Project("{FAE04EC0-301F-11D3-BF4B-00C04F79EFBC}") = "ST.Framework.DDD.Tests.Unit", "ST.Framework.DDD.Tests.Unit\ST.Framework.DDD.Tests.Unit.csproj", "{159F7063-C1A3-45D5-A382-910B31534201}"
EndProject
Global
	GlobalSection(SolutionConfigurationPlatforms) = preSolution
		Debug|Any CPU = Debug|Any CPU
		Release|Any CPU = Release|Any CPU
	EndGlobalSection
	GlobalSection(ProjectConfigurationPlatforms) = postSolution
		{FD4959DA-1FA9-4529-A498-F49FDDD880AA}.Debug|Any CPU.ActiveCfg = Debug|Any CPU
		{FD4959DA-1FA9-4529-A498-F49FDDD880AA}.Debug|Any CPU.Build.0 = Debug|Any CPU
		{FD4959DA-1FA9-4529-A498-F49FDDD880AA}.Release|Any CPU.ActiveCfg = Release|Any CPU
		{FD4959DA-1FA9-4529-A498-F49FDDD880AA}.Release|Any CPU.Build.0 = Release|Any CPU
		{159F7063-C1A3-45D5-A382-910B31534201}.Debug|Any CPU.ActiveCfg = Debug|Any CPU
		{159F7063-C1A3-45D5-A382-910B31534201}.Debug|Any CPU.Build.0 = Debug|Any CPU
		{159F7063-C1A3-45D5-A382-910B31534201}.Release|Any CPU.ActiveCfg = Release|Any CPU
		{159F7063-C1A3-45D5-A382-910B31534201}.Release|Any CPU.Build.0 = Release|Any CPU
	EndGlobalSection
	GlobalSection(SolutionProperties) = preSolution
		HideSolutionNode = FALSE
	EndGlobalSection
EndGlobal
